{
    "_meta": {
        "hash": {
            "sha256": "507d4a1029b766544888dbf56bbf3fdce255670fc79bd28d3863e320b09fcc53"
        },
        "pipfile-spec": 6,
        "requires": {
            "python_version": "3.10"
        },
        "sources": [
            {
                "name": "pypi",
                "url": "https://pypi.org/simple",
                "verify_ssl": true
            }
        ]
    },
    "default": {
        "backoff": {
            "hashes": [
                "sha256:03f829f5bb1923180821643f8753b0502c3b682293992485b0eef2807afa5cba",
                "sha256:63579f9a0628e06278f7e47b7d7d5b6ce20dc65c5e96a6f3ca99a6adca0396e8"
            ],
            "markers": "python_version >= '3.7'",
            "version": "==2.2.1"
        },
        "deprecated": {
            "hashes": [
                "sha256:43ac5335da90c31c24ba028af536a91d41d53f9e6901ddb021bcc572ce44e38d",
                "sha256:64756e3e14c8c5eea9795d93c524551432a0be75629f8f29e67ab8caf076c76d"
            ],
            "markers": "python_version >= '2.7' and python_version not in '3.0, 3.1, 3.2, 3.3'",
            "version": "==1.2.13"
        },
        "googleapis-common-protos": {
            "hashes": [
                "sha256:c727251ec025947d545184ba17e3578840fc3a24a0516a020479edab660457df",
                "sha256:ca3befcd4580dab6ad49356b46bf165bb68ff4b32389f028f1abd7c10ab9519a"
            ],
            "markers": "python_version >= '3.7'",
            "version": "==1.58.0"
        },
        "grpcio": {
            "hashes": [
                "sha256:040eb421613b57c696063abde405916dd830203c184c9000fc8c3b3b3c950325",
                "sha256:165b05af77e6aecb4210ae7663e25acf234ba78a7c1c157fa5f2efeb0d6ec53c",
                "sha256:200d69857f9910f7458b39b9bcf83ee4a180591b40146ba9e49314e3a7419313",
                "sha256:22bdfac4f7f27acdd4da359b5e7e1973dc74bf1ed406729b07d0759fde2f064b",
                "sha256:2a8e17286c4240137d933b8ca506465472248b4ce0fe46f3404459e708b65b68",
                "sha256:2cd2e4cefb724cab1ba2df4b7535a9980531b9ec51b4dbb5f137a1f3a3754ef0",
                "sha256:2f8ff75e61e1227ba7a3f16b2eadbcc11d0a54096d52ab75a6b88cfbe56f55d1",
                "sha256:2fdd6333ce96435408565a9dbbd446212cd5d62e4d26f6a3c0feb1e3c35f1cc8",
                "sha256:30e09b5e0531685e176f49679b6a3b190762cc225f4565e55a899f5e14b3aa62",
                "sha256:3667c06e37d6cd461afdd51cefe6537702f3d1dc5ff4cac07e88d8b4795dc16f",
                "sha256:36c8abbc5f837111e7bd619612eedc223c290b0903b952ce0c7b00840ea70f14",
                "sha256:3709048fe0aa23dda09b3e69849a12055790171dab9e399a72ea8f9dfbf9ac80",
                "sha256:3c1b9f8afa62ff265d86a4747a2990ec5a96e4efce5d5888f245a682d66eca47",
                "sha256:3ea4341efe603b049e8c9a5f13c696ca37fcdf8a23ca35f650428ad3606381d9",
                "sha256:3f9a7d88082b2a17ae7bd3c2354d13bab0453899e0851733f6afa6918373f476",
                "sha256:49ede0528e9dac7e8a9fe30b16c73b630ddd9a576bf4b675eb6b0c53ee5ca00f",
                "sha256:54b0c29bdd9a3b1e1b61443ab152f060fc719f1c083127ab08d03fac5efd51be",
                "sha256:54e36c2ee304ff15f2bfbdc43d2b56c63331c52d818c364e5b5214e5bc2ad9f6",
                "sha256:5694448256e3cdfe5bd358f1574a3f2f51afa20cc834713c4b9788d60b7cc646",
                "sha256:5e77ee138100f0bb55cbd147840f87ee6241dbd25f09ea7cd8afe7efff323449",
                "sha256:5eed34994c095e2bf7194ffac7381c6068b057ef1e69f8f08db77771350a7566",
                "sha256:6604f614016127ae10969176bbf12eb0e03d2fb3d643f050b3b69e160d144fb4",
                "sha256:68a7514b754e38e8de9075f7bb4dee919919515ec68628c43a894027e40ddec4",
                "sha256:6972b009638b40a448d10e1bc18e2223143b8a7aa20d7def0d78dd4af4126d12",
                "sha256:6c677581ce129f5fa228b8f418cee10bd28dd449f3a544ea73c8ba590ee49d0b",
                "sha256:6c99a73a6260bdf844b2e5ddad02dcd530310f80e1fa72c300fa19c1c7496962",
                "sha256:82b0ad8ac825d4bb31bff9f638557c045f4a6d824d84b21e893968286f88246b",
                "sha256:881ecb34feabf31c6b3b9bbbddd1a5b57e69f805041e5a2c6c562a28574f71c4",
                "sha256:8de30f0b417744288cec65ec8cf84b8a57995cf7f1e84ccad2704d93f05d0aae",
                "sha256:b69c7adc7ed60da1cb1b502853db61f453fc745f940cbcc25eb97c99965d8f41",
                "sha256:be1bf35ce82cdbcac14e39d5102d8de4079a1c1a6a06b68e41fcd9ef64f9dd28",
                "sha256:be7b2265b7527bb12109a7727581e274170766d5b3c9258d4e466f4872522d7a",
                "sha256:c02abd55409bfb293371554adf6a4401197ec2133dd97727c01180889014ba4d",
                "sha256:c831f31336e81243f85b6daff3e5e8a123302ce0ea1f2726ad752fd7a59f3aee",
                "sha256:cd0daac21d9ef5e033a5100c1d3aa055bbed28bfcf070b12d8058045c4e821b1",
                "sha256:cd9a5e68e79c5f031500e67793048a90209711e0854a9ddee8a3ce51728de4e5",
                "sha256:d5cd1389669a847555df54177b911d9ff6f17345b2a6f19388707b7a9f724c88",
                "sha256:d81528ffe0e973dc840ec73a4132fd18b8203ad129d7410155d951a0a7e4f5d0",
                "sha256:e860a3222139b41d430939bbec2ec9c3f6c740938bf7a04471a9a8caaa965a2e",
                "sha256:e95c7ccd4c5807adef1602005513bf7c7d14e5a41daebcf9d8d30d8bf51b8f81",
                "sha256:eafbe7501a3268d05f2e450e1ddaffb950d842a8620c13ec328b501d25d2e2c3",
                "sha256:eef0450a4b5ed11feab639bf3eb1b6e23d0efa9b911bf7b06fb60e14f5f8a585",
                "sha256:f601aaeae18dab81930fb8d4f916b0da21e89bb4b5f7367ef793f46b4a76b7b0",
                "sha256:f7a0d0bf44438869d307f85a54f25a896ad6b4b0ca12370f76892ad732928d87",
                "sha256:ffaaf7e93fcb437356b5a4b23bf36e8a3d0221399ff77fd057e4bc77776a24be"
            ],
            "markers": "python_version >= '3.7'",
            "version": "==1.51.3"
        },
        "opentelemetry-api": {
            "hashes": [
                "sha256:4b0e895a3b1f5e1908043ebe492d33e33f9ccdbe6d02d3994c2f8721a63ddddb",
                "sha256:79e8f0cf88dbdd36b6abf175d2092af1efcaa2e71552d0d2b3b181a9707bf4bc"
            ],
            "index": "pypi",
            "version": "==1.16.0"
        },
        "opentelemetry-exporter-otlp-proto-grpc": {
            "hashes": [
                "sha256:0853ea1e566c1fab5633e7f7bca2a650ba445b04ba02f93173920b0f5c561f63",
                "sha256:ace2cedc43bc30e1b2475b14f72acf1a1528716965209d31fb0a72c59f0f4fe4"
            ],
            "index": "pypi",
            "version": "==1.16.0"
        },
        "opentelemetry-proto": {
            "hashes": [
                "sha256:160326d300faf43c3f72c4a916516ee5b63289ceb9828294b698ef943697cbd5",
                "sha256:e58832dfec64621972a9836f8ae163fb3063946eb02bdf43fae0f76f8cf46d0a"
            ],
            "markers": "python_version >= '3.7'",
            "version": "==1.16.0"
        },
        "opentelemetry-sdk": {
            "hashes": [
                "sha256:15f03915eec4839f885a5e6ed959cde59b8690c8c012d07c95b4b138c98dc43f",
                "sha256:4d3bb91e9e209dbeea773b5565d901da4f76a29bf9dbc1c9500be3cabb239a4e"
            ],
            "index": "pypi",
            "version": "==1.16.0"
        },
        "opentelemetry-semantic-conventions": {
            "hashes": [
                "sha256:087ce2e248e42f3ffe4d9fa2303111de72bb93baa06a0f4655980bc1557c4228",
                "sha256:462982278a42dab01f68641cd89f8460fe1f93e87c68a012a76fb426dcdba5ee"
            ],
            "markers": "python_version >= '3.7'",
            "version": "==0.37b0"
        },
        "protobuf": {
            "hashes": [
                "sha256:1669cb7524221a8e2d9008d0842453dbefdd0fcdd64d67672f657244867635fb",
                "sha256:29288813aacaa302afa2381db1d6e0482165737b0afdf2811df5fa99185c457b",
                "sha256:47d31bdf58222dd296976aa1646c68c6ee80b96d22e0a3c336c9174e253fd35e",
                "sha256:652d8dfece122a24d98eebfef30e31e455d300efa41999d1182e015984ac5930",
                "sha256:7c535d126e7dcc714105ab20b418c4fedbd28f8b8afc42b7350b1e317bbbcc71",
                "sha256:86c3d20428b007537ba6792b475c0853bba7f66b1f60e610d913b77d94b486e4",
                "sha256:a33a273d21852f911b8bda47f39f4383fe7c061eb1814db2c76c9875c89c2491",
                "sha256:ab4d043865dd04e6b09386981fe8f80b39a1e46139fb4a3c206229d6b9f36ff6",
                "sha256:b2fea9dc8e3c0f32c38124790ef16cba2ee0628fe2022a52e435e1117bfef9b1",
                "sha256:c27f371f0159feb70e6ea52ed7e768b3f3a4c5676c1900a7e51a24740381650e",
                "sha256:c3325803095fb4c2a48649c321d2fbde59f8fbfcb9bfc7a86df27d112831c571",
                "sha256:e474b63bab0a2ea32a7b26a4d8eec59e33e709321e5e16fb66e766b61b82a95e",
                "sha256:e894e9ae603e963f0842498c4cd5d39c6a60f0d7e4c103df50ee939564298658"
            ],
            "markers": "python_version >= '3.7'",
            "version": "==4.22.0"
        },
        "setuptools": {
            "hashes": [
                "sha256:e5fd0a713141a4a105412233c63dc4e17ba0090c8e8334594ac790ec97792330",
                "sha256:f106dee1b506dee5102cc3f3e9e68137bbad6d47b616be7991714b0c62204251"
            ],
            "markers": "python_version >= '3.7'",
            "version": "==67.4.0"
        },
        "typing-extensions": {
            "hashes": [
                "sha256:5cb5f4a79139d699607b3ef622a1dedafa84e115ab0024e0d9c044a9479ca7cb",
                "sha256:fb33085c39dd998ac16d1431ebc293a8b3eedd00fd4a32de0ff79002c19511b4"
            ],
            "markers": "python_version >= '3.7'",
            "version": "==4.5.0"
        },
        "wrapt": {
            "hashes": [
                "sha256:00b6d4ea20a906c0ca56d84f93065b398ab74b927a7a3dbd470f6fc503f95dc3",
                "sha256:01c205616a89d09827986bc4e859bcabd64f5a0662a7fe95e0d359424e0e071b",
                "sha256:02b41b633c6261feff8ddd8d11c711df6842aba629fdd3da10249a53211a72c4",
                "sha256:07f7a7d0f388028b2df1d916e94bbb40624c59b48ecc6cbc232546706fac74c2",
                "sha256:11871514607b15cfeb87c547a49bca19fde402f32e2b1c24a632506c0a756656",
                "sha256:1b376b3f4896e7930f1f772ac4b064ac12598d1c38d04907e696cc4d794b43d3",
                "sha256:21ac0156c4b089b330b7666db40feee30a5d52634cc4560e1905d6529a3897ff",
                "sha256:257fd78c513e0fb5cdbe058c27a0624c9884e735bbd131935fd49e9fe719d310",
                "sha256:2b39d38039a1fdad98c87279b48bc5dce2c0ca0d73483b12cb72aa9609278e8a",
                "sha256:2cf71233a0ed05ccdabe209c606fe0bac7379fdcf687f39b944420d2a09fdb57",
                "sha256:2fe803deacd09a233e4762a1adcea5db5d31e6be577a43352936179d14d90069",
                "sha256:3232822c7d98d23895ccc443bbdf57c7412c5a65996c30442ebe6ed3df335383",
                "sha256:34aa51c45f28ba7f12accd624225e2b1e5a3a45206aa191f6f9aac931d9d56fe",
                "sha256:36f582d0c6bc99d5f39cd3ac2a9062e57f3cf606ade29a0a0d6b323462f4dd87",
                "sha256:380a85cf89e0e69b7cfbe2ea9f765f004ff419f34194018a6827ac0e3edfed4d",
                "sha256:40e7bc81c9e2b2734ea4bc1aceb8a8f0ceaac7c5299bc5d69e37c44d9081d43b",
                "sha256:43ca3bbbe97af00f49efb06e352eae40434ca9d915906f77def219b88e85d907",
                "sha256:4fcc4649dc762cddacd193e6b55bc02edca674067f5f98166d7713b193932b7f",
                "sha256:5a0f54ce2c092aaf439813735584b9537cad479575a09892b8352fea5e988dc0",
                "sha256:5a9a0d155deafd9448baff28c08e150d9b24ff010e899311ddd63c45c2445e28",
                "sha256:5b02d65b9ccf0ef6c34cba6cf5bf2aab1bb2f49c6090bafeecc9cd81ad4ea1c1",
                "sha256:60db23fa423575eeb65ea430cee741acb7c26a1365d103f7b0f6ec412b893853",
                "sha256:642c2e7a804fcf18c222e1060df25fc210b9c58db7c91416fb055897fc27e8cc",
                "sha256:6a9a25751acb379b466ff6be78a315e2b439d4c94c1e99cb7266d40a537995d3",
                "sha256:6b1a564e6cb69922c7fe3a678b9f9a3c54e72b469875aa8018f18b4d1dd1adf3",
                "sha256:6d323e1554b3d22cfc03cd3243b5bb815a51f5249fdcbb86fda4bf62bab9e164",
                "sha256:6e743de5e9c3d1b7185870f480587b75b1cb604832e380d64f9504a0535912d1",
                "sha256:709fe01086a55cf79d20f741f39325018f4df051ef39fe921b1ebe780a66184c",
                "sha256:7b7c050ae976e286906dd3f26009e117eb000fb2cf3533398c5ad9ccc86867b1",
                "sha256:7d2872609603cb35ca513d7404a94d6d608fc13211563571117046c9d2bcc3d7",
                "sha256:7ef58fb89674095bfc57c4069e95d7a31cfdc0939e2a579882ac7d55aadfd2a1",
                "sha256:80bb5c256f1415f747011dc3604b59bc1f91c6e7150bd7db03b19170ee06b320",
                "sha256:81b19725065dcb43df02b37e03278c011a09e49757287dca60c5aecdd5a0b8ed",
                "sha256:833b58d5d0b7e5b9832869f039203389ac7cbf01765639c7309fd50ef619e0b1",
                "sha256:88bd7b6bd70a5b6803c1abf6bca012f7ed963e58c68d76ee20b9d751c74a3248",
                "sha256:8ad85f7f4e20964db4daadcab70b47ab05c7c1cf2a7c1e51087bfaa83831854c",
                "sha256:8c0ce1e99116d5ab21355d8ebe53d9460366704ea38ae4d9f6933188f327b456",
                "sha256:8d649d616e5c6a678b26d15ece345354f7c2286acd6db868e65fcc5ff7c24a77",
                "sha256:903500616422a40a98a5a3c4ff4ed9d0066f3b4c951fa286018ecdf0750194ef",
                "sha256:9736af4641846491aedb3c3f56b9bc5568d92b0692303b5a305301a95dfd38b1",
                "sha256:988635d122aaf2bdcef9e795435662bcd65b02f4f4c1ae37fbee7401c440b3a7",
                "sha256:9cca3c2cdadb362116235fdbd411735de4328c61425b0aa9f872fd76d02c4e86",
                "sha256:9e0fd32e0148dd5dea6af5fee42beb949098564cc23211a88d799e434255a1f4",
                "sha256:9f3e6f9e05148ff90002b884fbc2a86bd303ae847e472f44ecc06c2cd2fcdb2d",
                "sha256:a85d2b46be66a71bedde836d9e41859879cc54a2a04fad1191eb50c2066f6e9d",
                "sha256:a9a52172be0b5aae932bef82a79ec0a0ce87288c7d132946d645eba03f0ad8a8",
                "sha256:aa31fdcc33fef9eb2552cbcbfee7773d5a6792c137b359e82879c101e98584c5",
                "sha256:b014c23646a467558be7da3d6b9fa409b2c567d2110599b7cf9a0c5992b3b471",
                "sha256:b21bb4c09ffabfa0e85e3a6b623e19b80e7acd709b9f91452b8297ace2a8ab00",
                "sha256:b5901a312f4d14c59918c221323068fad0540e34324925c8475263841dbdfe68",
                "sha256:b9b7a708dd92306328117d8c4b62e2194d00c365f18eff11a9b53c6f923b01e3",
                "sha256:d1967f46ea8f2db647c786e78d8cc7e4313dbd1b0aca360592d8027b8508e24d",
                "sha256:d52a25136894c63de15a35bc0bdc5adb4b0e173b9c0d07a2be9d3ca64a332735",
                "sha256:d77c85fedff92cf788face9bfa3ebaa364448ebb1d765302e9af11bf449ca36d",
                "sha256:d79d7d5dc8a32b7093e81e97dad755127ff77bcc899e845f41bf71747af0c569",
                "sha256:dbcda74c67263139358f4d188ae5faae95c30929281bc6866d00573783c422b7",
                "sha256:ddaea91abf8b0d13443f6dac52e89051a5063c7d014710dcb4d4abb2ff811a59",
                "sha256:dee0ce50c6a2dd9056c20db781e9c1cfd33e77d2d569f5d1d9321c641bb903d5",
                "sha256:dee60e1de1898bde3b238f18340eec6148986da0455d8ba7848d50470a7a32fb",
                "sha256:e2f83e18fe2f4c9e7db597e988f72712c0c3676d337d8b101f6758107c42425b",
                "sha256:e3fb1677c720409d5f671e39bac6c9e0e422584e5f518bfd50aa4cbbea02433f",
                "sha256:ee2b1b1769f6707a8a445162ea16dddf74285c3964f605877a20e38545c3c462",
                "sha256:ee6acae74a2b91865910eef5e7de37dc6895ad96fa23603d1d27ea69df545015",
                "sha256:ef3f72c9666bba2bab70d2a8b79f2c6d2c1a42a7f7e2b0ec83bb2f9e383950af"
            ],
            "markers": "python_version >= '2.7' and python_version not in '3.0, 3.1, 3.2, 3.3, 3.4'",
            "version": "==1.14.1"
        }
    },
    "develop": {}
}
